Microsoft Visual Studio Solution File, Format Version 12.00
# Visual Studio Version 17
VisualStudioVersion = 17.5.2.0
MinimumVisualStudioVersion = 10.0.40219.1
Project("{FAE04EC0-301F-11D3-BF4B-00C04F79EFBC}") = "AF_ECM", "AF_ECM.csproj", "{FF6A3A9F-C310-7237-0917-DB595E168FB8}"
EndProject
Global
	GlobalSection(SolutionConfigurationPlatforms) = preSolution
		Debug|Any CPU = Debug|Any CPU
		Release|Any CPU = Release|Any CPU
	EndGlobalSection
	GlobalSection(ProjectConfigurationPlatforms) = postSolution
		{FF6A3A9F-C310-7237-0917-DB595E168FB8}.Debug|Any CPU.ActiveCfg = Debug|Any CPU
		{FF6A3A9F-C310-7237-0917-DB595E168FB8}.Debug|Any CPU.Build.0 = Debug|Any CPU
		{FF6A3A9F-C310-7237-0917-DB595E168FB8}.Release|Any CPU.ActiveCfg = Release|Any CPU
		{FF6A3A9F-C310-7237-0917-DB595E168FB8}.Release|Any CPU.Build.0 = Release|Any CPU
	EndGlobalSection
	GlobalSection(SolutionProperties) = preSolution
		HideSolutionNode = FALSE
	EndGlobalSection
	GlobalSection(ExtensibilityGlobals) = postSolution
		SolutionGuid = {1CB89BE4-60A3-4C18-980D-7796F937E247}
	EndGlobalSection
EndGlobal
